
Microsoft Visual Studio Solution File, Format Version 12.00
# Visual Studio Version 17
VisualStudioVersion = 17.11.35327.3
MinimumVisualStudioVersion = 10.0.40219.1
Project("{FAE04EC0-301F-11D3-BF4B-00C04F79EFBC}") = "WindowsFormsApp3", "WindowsFormsApp3\WindowsFormsApp3.csproj", "{BE8A664F-7F51-4174-9DC0-79054906742F}"
EndProject
Global
	GlobalSection(SolutionConfigurationPlatforms) = preSolution
		Debug|Any CPU = Debug|Any CPU
		Release|Any CPU = Release|Any CPU
	EndGlobalSection
	GlobalSection(ProjectConfigurationPlatforms) = postSolution
		{BE8A664F-7F51-4174-9DC0-79054906742F}.Debug|Any CPU.ActiveCfg = Debug|Any CPU
		{BE8A664F-7F51-4174-9DC0-79054906742F}.Debug|Any CPU.Build.0 = Debug|Any CPU
		{BE8A664F-7F51-4174-9DC0-79054906742F}.Release|Any CPU.ActiveCfg = Release|Any CPU
		{BE8A664F-7F51-4174-9DC0-79054906742F}.Release|Any CPU.Build.0 = Release|Any CPU
	EndGlobalSection
	GlobalSection(SolutionProperties) = preSolution
		HideSolutionNode = FALSE
	EndGlobalSection
	GlobalSection(ExtensibilityGlobals) = postSolution
		SolutionGuid = {31A1E904-C93D-4628-8C0C-50A90EC36288}
	EndGlobalSection
EndGlobal
